<?xml version="1.0" encoding="utf-8"?>
<Project ToolsVersion="4.0" xmlns="http://schemas.microsoft.com/developer/msbuild/2003">
  <ItemGroup>
    <Filter Include="소스 파일">
      <UniqueIdentifier>{4FC737F1-C7A5-4376-A066-2A32D752A2FF}</UniqueIdentifier>
      <Extensions>cpp;c;cc;cxx;c++;cppm;ixx;def;odl;idl;hpj;bat;asm;asmx</Extensions>
    </Filter>
    <Filter Include="헤더 파일">
      <UniqueIdentifier>{93995380-89BD-4b04-88EB-625FBE52EBFB}</UniqueIdentifier>
      <Extensions>h;hh;hpp;hxx;h++;hm;inl;inc;ipp;xsd</Extensions>
    </Filter>
    <Filter Include="리소스 파일">
      <UniqueIdentifier>{67DA6AB6-F800-4c08-8B7A-83BB121AAD01}</UniqueIdentifier>
      <Extensions>rc;ico;cur;bmp;dlg;rc2;rct;bin;rgs;gif;jpg;jpeg;jpe;resx;tiff;tif;png;wav;mfcribbon-ms</Extensions>
    </Filter>
  </ItemGroup>
  <ItemGroup>
    <ClCompile Include="P-X-MACHINA.cpp">
      <Filter>소스 파일</Filter>
    </ClCompile>
    <ClCompile Include="src\CheckDetectionRange.cpp">
      <Filter>소스 파일</Filter>
    </ClCompile>
    <ClCompile Include="src\CheckPatrolRange.cpp">
      <Filter>소스 파일</Filter>
    </ClCompile>
    <ClCompile Include="src\GameFramework.cpp">
      <Filter>소스 파일</Filter>
    </ClCompile>
    <ClCompile Include="src\IRDetectorAbility.cpp">
      <Filter>소스 파일</Filter>
    </ClCompile>
    <ClCompile Include="src\MinimapAbility.cpp">
      <Filter>소스 파일</Filter>
    </ClCompile>
    <ClCompile Include="src\Script_AbilityHolder.cpp">
      <Filter>소스 파일</Filter>
    </ClCompile>
    <ClCompile Include="src\Script_AdvancedCombatDroid_5.cpp">
      <Filter>소스 파일</Filter>
    </ClCompile>
    <ClCompile Include="src\Script_Agent.cpp">
      <Filter>소스 파일</Filter>
    </ClCompile>
    <ClCompile Include="src\Script_AimController.cpp">
      <Filter>소스 파일</Filter>
    </ClCompile>
    <ClCompile Include="src\Script_BehaviorTree.cpp">
      <Filter>소스 파일</Filter>
    </ClCompile>
    <ClCompile Include="src\Script_Billboard.cpp">
      <Filter>소스 파일</Filter>
    </ClCompile>
    <ClCompile Include="src\Script_Bullet.cpp">
      <Filter>소스 파일</Filter>
    </ClCompile>
    <ClCompile Include="src\Script_Enemy.cpp">
      <Filter>소스 파일</Filter>
    </ClCompile>
    <ClCompile Include="src\Script_EnemyManager.cpp">
      <Filter>소스 파일</Filter>
    </ClCompile>
    <ClCompile Include="src\Script_GameManager.cpp">
      <Filter>소스 파일</Filter>
    </ClCompile>
    <ClCompile Include="src\Script_GroundObject.cpp">
      <Filter>소스 파일</Filter>
    </ClCompile>
    <ClCompile Include="src\Script_GroundPlayer.cpp">
      <Filter>소스 파일</Filter>
    </ClCompile>
    <ClCompile Include="src\Script_LiveObject.cpp">
      <Filter>소스 파일</Filter>
    </ClCompile>
    <ClCompile Include="src\Script_MainCamera.cpp">
      <Filter>소스 파일</Filter>
    </ClCompile>
    <ClCompile Include="src\Script_MeleeBT.cpp">
      <Filter>소스 파일</Filter>
    </ClCompile>
    <ClCompile Include="src\Script_Missile.cpp">
      <Filter>소스 파일</Filter>
    </ClCompile>
    <ClCompile Include="src\Script_Onyscidus.cpp">
      <Filter>소스 파일</Filter>
    </ClCompile>
    <ClCompile Include="src\Script_Player.cpp">
      <Filter>소스 파일</Filter>
    </ClCompile>
    <ClCompile Include="src\Script_ShootingPlayer.cpp">
      <Filter>소스 파일</Filter>
    </ClCompile>
    <ClCompile Include="src\Script_Sprite.cpp">
      <Filter>소스 파일</Filter>
    </ClCompile>
    <ClCompile Include="src\Script_Ursacetus.cpp">
      <Filter>소스 파일</Filter>
    </ClCompile>
    <ClCompile Include="src\Script_Weapon.cpp">
      <Filter>소스 파일</Filter>
    </ClCompile>
    <ClCompile Include="src\Script_Weapon_MissileLauncher.cpp">
      <Filter>소스 파일</Filter>
    </ClCompile>
    <ClCompile Include="src\Script_Weapon_Pistol.cpp">
      <Filter>소스 파일</Filter>
    </ClCompile>
    <ClCompile Include="src\Script_Weapon_Rifle.cpp">
      <Filter>소스 파일</Filter>
    </ClCompile>
    <ClCompile Include="src\Script_Weapon_Shotgun.cpp">
      <Filter>소스 파일</Filter>
    </ClCompile>
    <ClCompile Include="src\Script_Weapon_Sniper.cpp">
      <Filter>소스 파일</Filter>
    </ClCompile>
    <ClCompile Include="src\ShieldAbility.cpp">
      <Filter>소스 파일</Filter>
    </ClCompile>
    <ClCompile Include="src\stdafx.cpp">
      <Filter>소스 파일</Filter>
    </ClCompile>
    <ClCompile Include="src\TaskAttack.cpp">
      <Filter>소스 파일</Filter>
    </ClCompile>
    <ClCompile Include="src\TaskGetHit.cpp">
      <Filter>소스 파일</Filter>
    </ClCompile>
    <ClCompile Include="src\TaskMoveToPath.cpp">
      <Filter>소스 파일</Filter>
    </ClCompile>
    <ClCompile Include="src\TaskMoveToTarget.cpp">
      <Filter>소스 파일</Filter>
    </ClCompile>
    <ClCompile Include="src\TaskPathPlanningAStar.cpp">
      <Filter>소스 파일</Filter>
    </ClCompile>
    <ClCompile Include="src\TaskPathPlanningToSpawn.cpp">
      <Filter>소스 파일</Filter>
    </ClCompile>
    <ClCompile Include="src\TaskPathPlanningToTarget.cpp">
      <Filter>소스 파일</Filter>
    </ClCompile>
    <ClCompile Include="src\TaskPatrol.cpp">
      <Filter>소스 파일</Filter>
    </ClCompile>
    <ClCompile Include="src\Wait.cpp">
      <Filter>소스 파일</Filter>
    </ClCompile>
    <ClCompile Include="src\X-MACHINA.cpp">
      <Filter>소스 파일</Filter>
    </ClCompile>
    <ClCompile Include="src\CheckAttackRange.cpp">
      <Filter>소스 파일</Filter>
    </ClCompile>
    <ClCompile Include="src\CheckDeath.cpp">
      <Filter>소스 파일</Filter>
    </ClCompile>
  </ItemGroup>
  <ItemGroup>
    <ClInclude Include="include\CheckPatrolRange.h">
      <Filter>헤더 파일</Filter>
    </ClInclude>
    <ClInclude Include="include\framework.h">
      <Filter>헤더 파일</Filter>
    </ClInclude>
    <ClInclude Include="include\GameFramework.h">
      <Filter>헤더 파일</Filter>
    </ClInclude>
    <ClInclude Include="include\IRDetectorAbility.h">
      <Filter>헤더 파일</Filter>
    </ClInclude>
    <ClInclude Include="include\MinimapAbility.h">
      <Filter>헤더 파일</Filter>
    </ClInclude>
    <ClInclude Include="include\Resource.h">
      <Filter>헤더 파일</Filter>
    </ClInclude>
    <ClInclude Include="include\Script_AbilityHolder.h">
      <Filter>헤더 파일</Filter>
    </ClInclude>
    <ClInclude Include="include\Script_AdvancedCombatDroid_5.h">
      <Filter>헤더 파일</Filter>
    </ClInclude>
    <ClInclude Include="include\Script_Agent.h">
      <Filter>헤더 파일</Filter>
    </ClInclude>
    <ClInclude Include="include\Script_AimController.h">
      <Filter>헤더 파일</Filter>
    </ClInclude>
    <ClInclude Include="include\Script_BehaviorTree.h">
      <Filter>헤더 파일</Filter>
    </ClInclude>
    <ClInclude Include="include\Script_Billboard.h">
      <Filter>헤더 파일</Filter>
    </ClInclude>
    <ClInclude Include="include\Script_Bullet.h">
      <Filter>헤더 파일</Filter>
    </ClInclude>
    <ClInclude Include="include\Script_Enemy.h">
      <Filter>헤더 파일</Filter>
    </ClInclude>
    <ClInclude Include="include\Script_EnemyManager.h">
      <Filter>헤더 파일</Filter>
    </ClInclude>
    <ClInclude Include="include\Script_GameManager.h">
      <Filter>헤더 파일</Filter>
    </ClInclude>
    <ClInclude Include="include\Script_GroundObject.h">
      <Filter>헤더 파일</Filter>
    </ClInclude>
    <ClInclude Include="include\Script_LiveObject.h">
      <Filter>헤더 파일</Filter>
    </ClInclude>
    <ClInclude Include="include\Script_MainCamera.h">
      <Filter>헤더 파일</Filter>
    </ClInclude>
    <ClInclude Include="include\Script_MeleeBT.h">
      <Filter>헤더 파일</Filter>
    </ClInclude>
    <ClInclude Include="include\Script_Missile.h">
      <Filter>헤더 파일</Filter>
    </ClInclude>
    <ClInclude Include="include\Script_Onyscidus.h">
      <Filter>헤더 파일</Filter>
    </ClInclude>
    <ClInclude Include="include\Script_Player.h">
      <Filter>헤더 파일</Filter>
    </ClInclude>
    <ClInclude Include="include\Script_Sprite.h">
      <Filter>헤더 파일</Filter>
    </ClInclude>
    <ClInclude Include="include\Script_Ursacetus.h">
      <Filter>헤더 파일</Filter>
    </ClInclude>
    <ClInclude Include="include\Script_Weapon.h">
      <Filter>헤더 파일</Filter>
    </ClInclude>
    <ClInclude Include="include\Script_Weapon_MissileLauncher.h">
      <Filter>헤더 파일</Filter>
    </ClInclude>
    <ClInclude Include="include\Script_Weapon_Pistol.h">
      <Filter>헤더 파일</Filter>
    </ClInclude>
    <ClInclude Include="include\Script_Weapon_Rifle.h">
      <Filter>헤더 파일</Filter>
    </ClInclude>
    <ClInclude Include="include\Script_Weapon_Shotgun.h">
      <Filter>헤더 파일</Filter>
    </ClInclude>
    <ClInclude Include="include\Script_Weapon_Sniper.h">
      <Filter>헤더 파일</Filter>
    </ClInclude>
    <ClInclude Include="include\ShieldAbility.h">
      <Filter>헤더 파일</Filter>
    </ClInclude>
    <ClInclude Include="include\stdafx.h">
      <Filter>헤더 파일</Filter>
    </ClInclude>
    <ClInclude Include="include\targetver.h">
      <Filter>헤더 파일</Filter>
    </ClInclude>
    <ClInclude Include="include\TaskAttack.h">
      <Filter>헤더 파일</Filter>
    </ClInclude>
    <ClInclude Include="include\TaskGetHit.h">
      <Filter>헤더 파일</Filter>
    </ClInclude>
    <ClInclude Include="include\TaskMoveToPath.h">
      <Filter>헤더 파일</Filter>
    </ClInclude>
    <ClInclude Include="include\TaskMoveToTarget.h">
      <Filter>헤더 파일</Filter>
    </ClInclude>
    <ClInclude Include="include\TaskPathPlanningAStar.h">
      <Filter>헤더 파일</Filter>
    </ClInclude>
    <ClInclude Include="include\TaskPathPlanningToSpawn.h">
      <Filter>헤더 파일</Filter>
    </ClInclude>
    <ClInclude Include="include\TaskPathPlanningToTarget.h">
      <Filter>헤더 파일</Filter>
    </ClInclude>
    <ClInclude Include="include\TaskPatrol.h">
      <Filter>헤더 파일</Filter>
    </ClInclude>
    <ClInclude Include="include\Wait.h">
      <Filter>헤더 파일</Filter>
    </ClInclude>
    <ClInclude Include="include\X-MACHINA.h">
      <Filter>헤더 파일</Filter>
    </ClInclude>
    <ClInclude Include="include\CheckAttackRange.h">
      <Filter>헤더 파일</Filter>
    </ClInclude>
    <ClInclude Include="include\CheckDeath.h">
      <Filter>헤더 파일</Filter>
    </ClInclude>
    <ClInclude Include="include\CheckDetectionRange.h">
      <Filter>헤더 파일</Filter>
    </ClInclude>
  </ItemGroup>
</Project>